{
  "lockfileVersion": 1,
  "workspaces": {
    "": {
      "name": "nvim-in-the-loop",
      "dependencies": {
        "@ai-sdk/openai": "^2.0.58",
        "ai": "^5.0.83",
        "gunshi": "^0.26.3",
      },
      "devDependencies": {
        "@types/bun": "latest",
        "@typescript/native-preview": "^7.0.0-dev.20251101.1",
      },
      "peerDependencies": {
        "typescript": "^5",
      },
    },
  },
  "packages": {
    "@ai-sdk/gateway": ["@ai-sdk/gateway@2.0.4", "", { "dependencies": { "@ai-sdk/provider": "2.0.0", "@ai-sdk/provider-utils": "3.0.14", "@vercel/oidc": "3.0.3" }, "peerDependencies": { "zod": "^3.25.76 || ^4.1.8" } }, "sha512-YakzaijPayJI244AOAXX+29WY+6i40vbvyMggfBB5D75ui8GyJPHvD/1TCSdD8lUyD4/QJvi9xSQ26QnPjmhag=="],

    "@ai-sdk/openai": ["@ai-sdk/openai@2.0.58", "", { "dependencies": { "@ai-sdk/provider": "2.0.0", "@ai-sdk/provider-utils": "3.0.14" }, "peerDependencies": { "zod": "^3.25.76 || ^4.1.8" } }, "sha512-eBEpuO6DF4j+ZESs0JPtT9+xjkdnTvOqEHZ3D8JTnCk0HZ/xMR3WQGXqolzckcQS+qzMXCiefDX2gk8cTP9M7A=="],

    "@ai-sdk/provider": ["@ai-sdk/provider@2.0.0", "", { "dependencies": { "json-schema": "^0.4.0" } }, "sha512-6o7Y2SeO9vFKB8lArHXehNuusnpddKPk7xqL7T2/b+OvXMRIXUO1rR4wcv1hAFUAT9avGZshty3Wlua/XA7TvA=="],

    "@ai-sdk/provider-utils": ["@ai-sdk/provider-utils@3.0.14", "", { "dependencies": { "@ai-sdk/provider": "2.0.0", "@standard-schema/spec": "^1.0.0", "eventsource-parser": "^3.0.5" }, "peerDependencies": { "zod": "^3.25.76 || ^4.1.8" } }, "sha512-CYRU6L7IlR7KslSBVxvlqlybQvXJln/PI57O8swhOaDIURZbjRP2AY3igKgUsrmWqqnFFUHP+AwTN8xqJAknnA=="],

    "@opentelemetry/api": ["@opentelemetry/api@1.9.0", "", {}, "sha512-3giAOQvZiH5F9bMlMiv8+GSPMeqg0dbaeo58/0SlA9sxSqZhnUtxzX9/2FzyhS9sWQf5S0GJE0AKBrFqjpeYcg=="],

    "@standard-schema/spec": ["@standard-schema/spec@1.0.0", "", {}, "sha512-m2bOd0f2RT9k8QJx1JN85cZYyH1RqFBdlwtkSlf4tBDYLCiiZnv1fIIwacK6cqwXavOydf0NPToMQgpKq+dVlA=="],

    "@types/bun": ["@types/bun@1.3.1", "", { "dependencies": { "bun-types": "1.3.1" } }, "sha512-4jNMk2/K9YJtfqwoAa28c8wK+T7nvJFOjxI4h/7sORWcypRNxBpr+TPNaCfVWq70tLCJsqoFwcf0oI0JU/fvMQ=="],

    "@types/node": ["@types/node@24.9.2", "", { "dependencies": { "undici-types": "~7.16.0" } }, "sha512-uWN8YqxXxqFMX2RqGOrumsKeti4LlmIMIyV0lgut4jx7KQBcBiW6vkDtIBvHnHIquwNfJhk8v2OtmO8zXWHfPA=="],

    "@types/react": ["@types/react@19.2.2", "", { "dependencies": { "csstype": "^3.0.2" } }, "sha512-6mDvHUFSjyT2B2yeNx2nUgMxh9LtOWvkhIU3uePn2I2oyNymUAX1NIsdgviM4CH+JSrp2D2hsMvJOkxY+0wNRA=="],

    "@typescript/native-preview": ["@typescript/native-preview@7.0.0-dev.20251101.1", "", { "optionalDependencies": { "@typescript/native-preview-darwin-arm64": "7.0.0-dev.20251101.1", "@typescript/native-preview-darwin-x64": "7.0.0-dev.20251101.1", "@typescript/native-preview-linux-arm": "7.0.0-dev.20251101.1", "@typescript/native-preview-linux-arm64": "7.0.0-dev.20251101.1", "@typescript/native-preview-linux-x64": "7.0.0-dev.20251101.1", "@typescript/native-preview-win32-arm64": "7.0.0-dev.20251101.1", "@typescript/native-preview-win32-x64": "7.0.0-dev.20251101.1" }, "bin": { "tsgo": "bin/tsgo.js" } }, "sha512-cD+e/A0FrRNzZPzr9JjqafCYDXmP/PNOnLvWxqE/Z4ijEt0xB3xAYAzpRJoX6iY/BkqqMO9ryy8qS5eEqJ3zQw=="],

    "@typescript/native-preview-darwin-arm64": ["@typescript/native-preview-darwin-arm64@7.0.0-dev.20251101.1", "", { "os": "darwin", "cpu": "arm64" }, "sha512-WrJrwOw+R582bHcy8h4wroQv8jKHETEU/hbDCAIbszw5irQjTfo3CP694J6dPttFyUnDbMTaGgSQnwcy6jWk7Q=="],

    "@typescript/native-preview-darwin-x64": ["@typescript/native-preview-darwin-x64@7.0.0-dev.20251101.1", "", { "os": "darwin", "cpu": "x64" }, "sha512-PL879NNho9DMkCFae/yL1BFFr++XV8mAS6PP3V6HwYRgJ6voXr2w+qOVgNgArFvajx2OIyttjf0dASOmfMHslw=="],

    "@typescript/native-preview-linux-arm": ["@typescript/native-preview-linux-arm@7.0.0-dev.20251101.1", "", { "os": "linux", "cpu": "arm" }, "sha512-dNg0flYCfArBRb1YcG9iWjVBc/sFQpcycvJup0uRlbs55fsuJsPo4EiK9WmSL64wRJ4ISYey4hexXyTFnUY4Qw=="],

    "@typescript/native-preview-linux-arm64": ["@typescript/native-preview-linux-arm64@7.0.0-dev.20251101.1", "", { "os": "linux", "cpu": "arm64" }, "sha512-D7gnH5+naJB30p7J3p40LXXkBuUmJrvRN5IrLndlURlP3qLHddUQJshf4XaE27T8tPqeyweIkEJerEOHey/ZMw=="],

    "@typescript/native-preview-linux-x64": ["@typescript/native-preview-linux-x64@7.0.0-dev.20251101.1", "", { "os": "linux", "cpu": "x64" }, "sha512-ZZHm3mVj8/5ID8AesEUdRFLuLqi8YUD9GNkTEFRGBrhm83JqD4OEQEWzC5gJqYkNNbe9Eht6eWU6zzLh60Rddw=="],

    "@typescript/native-preview-win32-arm64": ["@typescript/native-preview-win32-arm64@7.0.0-dev.20251101.1", "", { "os": "win32", "cpu": "arm64" }, "sha512-lOhyl5GY7g/16rtiDA970rTzjOZnLMLpFTYfHR0sk3704LaDCKIQRgg1JEhkQgNioQ7seVwslls3HD6ATeJiVQ=="],

    "@typescript/native-preview-win32-x64": ["@typescript/native-preview-win32-x64@7.0.0-dev.20251101.1", "", { "os": "win32", "cpu": "x64" }, "sha512-wHIxPsvlNA7SnVtcrMcijGEmQ8gLYm/lInk48zPC83JeMabX5yKif63kB2fQ/+Xi0GukMret8s1lZrHsw5tCog=="],

    "@vercel/oidc": ["@vercel/oidc@3.0.3", "", {}, "sha512-yNEQvPcVrK9sIe637+I0jD6leluPxzwJKx/Haw6F4H77CdDsszUn5V3o96LPziXkSNE2B83+Z3mjqGKBK/R6Gg=="],

    "ai": ["ai@5.0.83", "", { "dependencies": { "@ai-sdk/gateway": "2.0.4", "@ai-sdk/provider": "2.0.0", "@ai-sdk/provider-utils": "3.0.14", "@opentelemetry/api": "1.9.0" }, "peerDependencies": { "zod": "^3.25.76 || ^4.1.8" } }, "sha512-tMc1wqc9khzETBN0X4/MHw9RbeP5uKFdoG5sUIUJ3p7lSgfDU6yZMwT6jrnA3Nk2AvxM0T43P1h2LfPlBSwGKA=="],

    "args-tokens": ["args-tokens@0.20.1", "", {}, "sha512-pQ5R5TsJyx94zsgSCCQ9kzOgUfMmI4bkqNjgSSt2C92mzPCvovoUMMW6HqR+35mHZ0cb1++MD2uAOLm62sGC+Q=="],

    "bun-types": ["bun-types@1.3.1", "", { "dependencies": { "@types/node": "*" }, "peerDependencies": { "@types/react": "^19" } }, "sha512-NMrcy7smratanWJ2mMXdpatalovtxVggkj11bScuWuiOoXTiKIu2eVS1/7qbyI/4yHedtsn175n4Sm4JcdHLXw=="],

    "csstype": ["csstype@3.1.3", "", {}, "sha512-M1uQkMl8rQK/szD0LNhtqxIPLpimGm8sOBwU7lLnCpSbTyY3yeU1Vc7l4KT5zT4s/yOxHH5O7tIuuLOCnLADRw=="],

    "eventsource-parser": ["eventsource-parser@3.0.6", "", {}, "sha512-Vo1ab+QXPzZ4tCa8SwIHJFaSzy4R6SHf7BY79rFBDf0idraZWAkYrDjDj8uWaSm3S2TK+hJ7/t1CEmZ7jXw+pg=="],

    "gunshi": ["gunshi@0.26.3", "", { "dependencies": { "args-tokens": "^0.20.1" } }, "sha512-x/CaxovzDA3KMkrjqow7M1dnsO1CxGMNabBaeGTGdVNtjOMN1G/eK7vjKeJ+zHdFIsWHmo47YQ2DQIESUut2+A=="],

    "json-schema": ["json-schema@0.4.0", "", {}, "sha512-es94M3nTIfsEPisRafak+HDLfHXnKBhV3vU5eqPcS3flIWqcxJWgXHXiey3YrpaNsanY5ei1VoYEbOzijuq9BA=="],

    "typescript": ["typescript@5.9.3", "", { "bin": { "tsc": "bin/tsc", "tsserver": "bin/tsserver" } }, "sha512-jl1vZzPDinLr9eUt3J/t7V6FgNEw9QjvBPdysz9KfQDD41fQrC2Y4vKQdiaUpFT4bXlb1RHhLpp8wtm6M5TgSw=="],

    "undici-types": ["undici-types@7.16.0", "", {}, "sha512-Zz+aZWSj8LE6zoxD+xrjh4VfkIG8Ya6LvYkZqtUQGJPZjYl53ypCaUwWqo7eI0x66KBGeRo+mlBEkMSeSZ38Nw=="],

    "zod": ["zod@4.1.12", "", {}, "sha512-JInaHOamG8pt5+Ey8kGmdcAcg3OL9reK8ltczgHTAwNhMys/6ThXHityHxVV2p3fkw/c+MAvBHFVYHFZDmjMCQ=="],
  }
}
